
Microsoft Visual Studio Solution File, Format Version 12.00
# Visual Studio 15
VisualStudioVersion = 15.0.27130.2036
MinimumVisualStudioVersion = 10.0.40219.1
Project("{FAE04EC0-301F-11D3-BF4B-00C04F79EFBC}") = "attendance", "attendance\attendance.csproj", "{C3DC6F15-1C0C-4802-9A93-724FEC30F6D4}"
EndProject
Global
	GlobalSection(SolutionConfigurationPlatforms) = preSolution
		Debug|Any CPU = Debug|Any CPU
		Release|Any CPU = Release|Any CPU
	EndGlobalSection
	GlobalSection(ProjectConfigurationPlatforms) = postSolution
		{C3DC6F15-1C0C-4802-9A93-724FEC30F6D4}.Debug|Any CPU.ActiveCfg = Debug|Any CPU
		{C3DC6F15-1C0C-4802-9A93-724FEC30F6D4}.Debug|Any CPU.Build.0 = Debug|Any CPU
		{C3DC6F15-1C0C-4802-9A93-724FEC30F6D4}.Release|Any CPU.ActiveCfg = Release|Any CPU
		{C3DC6F15-1C0C-4802-9A93-724FEC30F6D4}.Release|Any CPU.Build.0 = Release|Any CPU
	EndGlobalSection
	GlobalSection(SolutionProperties) = preSolution
		HideSolutionNode = FALSE
	EndGlobalSection
	GlobalSection(ExtensibilityGlobals) = postSolution
		SolutionGuid = {E6E86122-26FC-4BF5-A791-9186964B0DA1}
	EndGlobalSection
EndGlobal
